
Microsoft Visual Studio Solution File, Format Version 12.00
# Visual Studio Version 16
VisualStudioVersion = 16.0.31911.196
MinimumVisualStudioVersion = 10.0.40219.1
Project("{9A19103F-16F7-4668-BE54-9A1E7A4F7556}") = "Edu.Data", "Edu.Data\Edu.Data.csproj", "{F7E0B332-41AA-4CC3-8A83-0F6CC4C33586}"
EndProject
Project("{FAE04EC0-301F-11D3-BF4B-00C04F79EFBC}") = "Edu.WebApp", "Edu.WebApp\Edu.WebApp.csproj", "{5B09DCAA-CBA3-4C28-91C5-03D4B3964416}"
EndProject
Global
	GlobalSection(SolutionConfigurationPlatforms) = preSolution
		Debug|Any CPU = Debug|Any CPU
		Release|Any CPU = Release|Any CPU
	EndGlobalSection
	GlobalSection(ProjectConfigurationPlatforms) = postSolution
		{F7E0B332-41AA-4CC3-8A83-0F6CC4C33586}.Debug|Any CPU.ActiveCfg = Debug|Any CPU
		{F7E0B332-41AA-4CC3-8A83-0F6CC4C33586}.Debug|Any CPU.Build.0 = Debug|Any CPU
		{F7E0B332-41AA-4CC3-8A83-0F6CC4C33586}.Release|Any CPU.ActiveCfg = Release|Any CPU
		{F7E0B332-41AA-4CC3-8A83-0F6CC4C33586}.Release|Any CPU.Build.0 = Release|Any CPU
		{5B09DCAA-CBA3-4C28-91C5-03D4B3964416}.Debug|Any CPU.ActiveCfg = Debug|Any CPU
		{5B09DCAA-CBA3-4C28-91C5-03D4B3964416}.Debug|Any CPU.Build.0 = Debug|Any CPU
		{5B09DCAA-CBA3-4C28-91C5-03D4B3964416}.Release|Any CPU.ActiveCfg = Release|Any CPU
		{5B09DCAA-CBA3-4C28-91C5-03D4B3964416}.Release|Any CPU.Build.0 = Release|Any CPU
	EndGlobalSection
	GlobalSection(SolutionProperties) = preSolution
		HideSolutionNode = FALSE
	EndGlobalSection
	GlobalSection(ExtensibilityGlobals) = postSolution
		SolutionGuid = {02515E2F-5589-4FB2-90DE-F6A18293CEB1}
	EndGlobalSection
EndGlobal
